
Microsoft Visual Studio Solution File, Format Version 12.00
# Visual Studio Version 16
VisualStudioVersion = 16.0.31729.503
MinimumVisualStudioVersion = 10.0.40219.1
Project("{FAE04EC0-301F-11D3-BF4B-00C04F79EFBC}") = "Bosung", "Bosung\Bosung.csproj", "{E8B41D97-B669-4392-898E-1F07A46DF974}"
EndProject
Global
	GlobalSection(SolutionConfigurationPlatforms) = preSolution
		Debug|Any CPU = Debug|Any CPU
		Release|Any CPU = Release|Any CPU
	EndGlobalSection
	GlobalSection(ProjectConfigurationPlatforms) = postSolution
		{E8B41D97-B669-4392-898E-1F07A46DF974}.Debug|Any CPU.ActiveCfg = Debug|Any CPU
		{E8B41D97-B669-4392-898E-1F07A46DF974}.Debug|Any CPU.Build.0 = Debug|Any CPU
		{E8B41D97-B669-4392-898E-1F07A46DF974}.Release|Any CPU.ActiveCfg = Release|Any CPU
		{E8B41D97-B669-4392-898E-1F07A46DF974}.Release|Any CPU.Build.0 = Release|Any CPU
	EndGlobalSection
	GlobalSection(SolutionProperties) = preSolution
		HideSolutionNode = FALSE
	EndGlobalSection
	GlobalSection(ExtensibilityGlobals) = postSolution
		SolutionGuid = {D3A93536-18D2-471D-8C07-028B487B56EA}
	EndGlobalSection
EndGlobal
