
Microsoft Visual Studio Solution File, Format Version 12.00
# Visual Studio Version 16
VisualStudioVersion = 16.0.31605.320
MinimumVisualStudioVersion = 10.0.40219.1
Project("{FAE04EC0-301F-11D3-BF4B-00C04F79EFBC}") = "Ex2_Tinh_lai_suat_tiet_kiem", "Ex2_Tinh_lai_suat_tiet_kiem\Ex2_Tinh_lai_suat_tiet_kiem.csproj", "{F2C707F0-6766-4847-A8F8-CF71DFDC4AE8}"
EndProject
Global
	GlobalSection(SolutionConfigurationPlatforms) = preSolution
		Debug|Any CPU = Debug|Any CPU
		Release|Any CPU = Release|Any CPU
	EndGlobalSection
	GlobalSection(ProjectConfigurationPlatforms) = postSolution
		{F2C707F0-6766-4847-A8F8-CF71DFDC4AE8}.Debug|Any CPU.ActiveCfg = Debug|Any CPU
		{F2C707F0-6766-4847-A8F8-CF71DFDC4AE8}.Debug|Any CPU.Build.0 = Debug|Any CPU
		{F2C707F0-6766-4847-A8F8-CF71DFDC4AE8}.Release|Any CPU.ActiveCfg = Release|Any CPU
		{F2C707F0-6766-4847-A8F8-CF71DFDC4AE8}.Release|Any CPU.Build.0 = Release|Any CPU
	EndGlobalSection
	GlobalSection(SolutionProperties) = preSolution
		HideSolutionNode = FALSE
	EndGlobalSection
	GlobalSection(ExtensibilityGlobals) = postSolution
		SolutionGuid = {783B9C55-9B2D-434F-8410-E10E0FB11CF1}
	EndGlobalSection
EndGlobal
